Microsoft Visual Studio Solution File, Format Version 12.00
# Visual Studio Version 17
VisualStudioVersion = 17.5.2.0
MinimumVisualStudioVersion = 10.0.40219.1
Project("{FAE04EC0-301F-11D3-BF4B-00C04F79EFBC}") = "SmartStockAI", "SmartStockAI.csproj", "{B8DDA0C3-31EA-9221-E456-EF4B8193CA14}"
EndProject
Global
	GlobalSection(SolutionConfigurationPlatforms) = preSolution
		Debug|Any CPU = Debug|Any CPU
		Release|Any CPU = Release|Any CPU
	EndGlobalSection
	GlobalSection(ProjectConfigurationPlatforms) = postSolution
		{B8DDA0C3-31EA-9221-E456-EF4B8193CA14}.Debug|Any CPU.ActiveCfg = Debug|Any CPU
		{B8DDA0C3-31EA-9221-E456-EF4B8193CA14}.Debug|Any CPU.Build.0 = Debug|Any CPU
		{B8DDA0C3-31EA-9221-E456-EF4B8193CA14}.Release|Any CPU.ActiveCfg = Release|Any CPU
		{B8DDA0C3-31EA-9221-E456-EF4B8193CA14}.Release|Any CPU.Build.0 = Release|Any CPU
	EndGlobalSection
	GlobalSection(SolutionProperties) = preSolution
		HideSolutionNode = FALSE
	EndGlobalSection
	GlobalSection(ExtensibilityGlobals) = postSolution
		SolutionGuid = {E354F90A-8D27-4F1D-ABE9-C81BC471A10B}
	EndGlobalSection
EndGlobal
